
Microsoft Visual Studio Solution File, Format Version 12.00
# Visual Studio Version 17
VisualStudioVersion = 17.4.33213.308
MinimumVisualStudioVersion = 10.0.40219.1
Project("{FAE04EC0-301F-11D3-BF4B-00C04F79EFBC}") = "threedotthree", "threedotthree\threedotthree.csproj", "{3DC43746-7562-4ED0-A8CE-8806EF7105D4}"
EndProject
Global
	GlobalSection(SolutionConfigurationPlatforms) = preSolution
		Debug|Any CPU = Debug|Any CPU
		Release|Any CPU = Release|Any CPU
	EndGlobalSection
	GlobalSection(ProjectConfigurationPlatforms) = postSolution
		{3DC43746-7562-4ED0-A8CE-8806EF7105D4}.Debug|Any CPU.ActiveCfg = Debug|Any CPU
		{3DC43746-7562-4ED0-A8CE-8806EF7105D4}.Debug|Any CPU.Build.0 = Debug|Any CPU
		{3DC43746-7562-4ED0-A8CE-8806EF7105D4}.Release|Any CPU.ActiveCfg = Release|Any CPU
		{3DC43746-7562-4ED0-A8CE-8806EF7105D4}.Release|Any CPU.Build.0 = Release|Any CPU
	EndGlobalSection
	GlobalSection(SolutionProperties) = preSolution
		HideSolutionNode = FALSE
	EndGlobalSection
	GlobalSection(ExtensibilityGlobals) = postSolution
		SolutionGuid = {3D187095-45BF-4A9D-B9D4-FC8A04181B7D}
	EndGlobalSection
EndGlobal
